
Microsoft Visual Studio Solution File, Format Version 12.00
# Visual Studio Version 16
VisualStudioVersion = 16.0.29519.87
MinimumVisualStudioVersion = 10.0.40219.1
Project("{FAE04EC0-301F-11D3-BF4B-00C04F79EFBC}") = "YazLab2Proje3", "YazLab2Proje3\YazLab2Proje3.csproj", "{E762C2F6-71EA-46D4-8CCF-B0DA9D630084}"
EndProject
Global
	GlobalSection(SolutionConfigurationPlatforms) = preSolution
		Debug|Any CPU = Debug|Any CPU
		Release|Any CPU = Release|Any CPU
	EndGlobalSection
	GlobalSection(ProjectConfigurationPlatforms) = postSolution
		{E762C2F6-71EA-46D4-8CCF-B0DA9D630084}.Debug|Any CPU.ActiveCfg = Debug|Any CPU
		{E762C2F6-71EA-46D4-8CCF-B0DA9D630084}.Debug|Any CPU.Build.0 = Debug|Any CPU
		{E762C2F6-71EA-46D4-8CCF-B0DA9D630084}.Release|Any CPU.ActiveCfg = Release|Any CPU
		{E762C2F6-71EA-46D4-8CCF-B0DA9D630084}.Release|Any CPU.Build.0 = Release|Any CPU
	EndGlobalSection
	GlobalSection(SolutionProperties) = preSolution
		HideSolutionNode = FALSE
	EndGlobalSection
	GlobalSection(ExtensibilityGlobals) = postSolution
		SolutionGuid = {5FCA3FFF-C85A-471C-B632-665F46A226BB}
	EndGlobalSection
EndGlobal
